
Microsoft Visual Studio Solution File, Format Version 12.00
# Visual Studio Version 17
VisualStudioVersion = 17.8.34330.188
MinimumVisualStudioVersion = 10.0.40219.1
Project("{FAE04EC0-301F-11D3-BF4B-00C04F79EFBC}") = "BT2", "BT2.csproj", "{DAD84BD7-E8A4-4FA4-8F56-9EBDD22B233E}"
EndProject
Global
	GlobalSection(SolutionConfigurationPlatforms) = preSolution
		Debug|Any CPU = Debug|Any CPU
		Release|Any CPU = Release|Any CPU
	EndGlobalSection
	GlobalSection(ProjectConfigurationPlatforms) = postSolution
		{DAD84BD7-E8A4-4FA4-8F56-9EBDD22B233E}.Debug|Any CPU.ActiveCfg = Debug|Any CPU
		{DAD84BD7-E8A4-4FA4-8F56-9EBDD22B233E}.Debug|Any CPU.Build.0 = Debug|Any CPU
		{DAD84BD7-E8A4-4FA4-8F56-9EBDD22B233E}.Release|Any CPU.ActiveCfg = Release|Any CPU
		{DAD84BD7-E8A4-4FA4-8F56-9EBDD22B233E}.Release|Any CPU.Build.0 = Release|Any CPU
	EndGlobalSection
	GlobalSection(SolutionProperties) = preSolution
		HideSolutionNode = FALSE
	EndGlobalSection
	GlobalSection(ExtensibilityGlobals) = postSolution
		SolutionGuid = {885B4E7D-3A16-46F9-AEFA-2B955809322E}
	EndGlobalSection
EndGlobal
